
Microsoft Visual Studio Solution File, Format Version 12.00
# Visual Studio Version 17
VisualStudioVersion = 17.0.31903.59
MinimumVisualStudioVersion = 10.0.40219.1
Project("{2150E333-8FDC-42A3-9474-1A3956D46DE8}") = "src", "src", "{94FDD0F1-3D45-4EB8-B054-6C772B502856}"
EndProject
Project("{FAE04EC0-301F-11D3-BF4B-00C04F79EFBC}") = "AI.ChatRTLFixer.Core", "src\AI.ChatRTLFixer.Core\AI.ChatRTLFixer.Core.csproj", "{C5E939DE-DEE3-4525-817F-51477DB1D284}"
EndProject
Project("{FAE04EC0-301F-11D3-BF4B-00C04F79EFBC}") = "AI.ChatRTLFixer.Rules", "src\AI.ChatRTLFixer.Rules\AI.ChatRTLFixer.Rules.csproj", "{CD10DD04-49D5-4729-8671-B132B5D117F5}"
EndProject
Project("{FAE04EC0-301F-11D3-BF4B-00C04F79EFBC}") = "AI.ChatRTLFixer.Profiles", "src\AI.ChatRTLFixer.Profiles\AI.ChatRTLFixer.Profiles.csproj", "{240D8EA9-AC27-4F4C-A5CF-D6C215510238}"
EndProject
Project("{FAE04EC0-301F-11D3-BF4B-00C04F79EFBC}") = "AI.ChatRTLFixer.Injectors", "src\AI.ChatRTLFixer.Injectors\AI.ChatRTLFixer.Injectors.csproj", "{1AAD5762-0FEB-4376-89EE-73FAFD4D9634}"
EndProject
Project("{FAE04EC0-301F-11D3-BF4B-00C04F79EFBC}") = "AI.ChatRTLFixer.Fonts", "src\AI.ChatRTLFixer.Fonts\AI.ChatRTLFixer.Fonts.csproj", "{DF9082CA-9124-4F92-8480-B0E346BEF98E}"
EndProject
Project("{FAE04EC0-301F-11D3-BF4B-00C04F79EFBC}") = "AI.ChatRTLFixer.Clipboard", "src\AI.ChatRTLFixer.Clipboard\AI.ChatRTLFixer.Clipboard.csproj", "{F31779DB-DDC6-4184-A554-42B8FF7DA083}"
EndProject
Project("{FAE04EC0-301F-11D3-BF4B-00C04F79EFBC}") = "AI.ChatRTLFixer.Win32", "src\AI.ChatRTLFixer.Win32\AI.ChatRTLFixer.Win32.csproj", "{A0FE29E1-82B7-4EE1-95DF-7B8FC3F22343}"
EndProject
Project("{FAE04EC0-301F-11D3-BF4B-00C04F79EFBC}") = "AI.ChatRTLFixer.Diagnostics", "src\AI.ChatRTLFixer.Diagnostics\AI.ChatRTLFixer.Diagnostics.csproj", "{D0AF4027-BFE6-44D1-8F2C-2E81D4F7992D}"
EndProject
Project("{FAE04EC0-301F-11D3-BF4B-00C04F79EFBC}") = "AI.ChatRTLFixer.Tray", "src\AI.ChatRTLFixer.Tray\AI.ChatRTLFixer.Tray.csproj", "{94825E39-F4FE-4FD0-80FC-7D3934D2C80C}"
EndProject
Project("{2150E333-8FDC-42A3-9474-1A3956D46DE8}") = "tests", "tests", "{2311D85E-4A68-4932-BEC1-D0A8D98EF5BA}"
EndProject
Project("{FAE04EC0-301F-11D3-BF4B-00C04F79EFBC}") = "AI.ChatRTLFixer.Rules.Tests", "tests\AI.ChatRTLFixer.Rules.Tests\AI.ChatRTLFixer.Rules.Tests.csproj", "{AD85E300-7FD6-4DA3-BB97-85889E6DA889}"
EndProject
Project("{FAE04EC0-301F-11D3-BF4B-00C04F79EFBC}") = "AI.ChatRTLFixer.Core.Tests", "tests\AI.ChatRTLFixer.Core.Tests\AI.ChatRTLFixer.Core.Tests.csproj", "{52B93A19-59EF-4AFE-A866-01A56E0B39DD}"
EndProject
Project("{FAE04EC0-301F-11D3-BF4B-00C04F79EFBC}") = "AI.ChatRTLFixer.IntegrationTests", "tests\AI.ChatRTLFixer.IntegrationTests\AI.ChatRTLFixer.IntegrationTests.csproj", "{86862D70-F042-4734-A444-88AA41948357}"
EndProject
Global
	GlobalSection(SolutionConfigurationPlatforms) = preSolution
		Debug|Any CPU = Debug|Any CPU
		Release|Any CPU = Release|Any CPU
	EndGlobalSection
	GlobalSection(SolutionProperties) = preSolution
		HideSolutionNode = FALSE
	EndGlobalSection
	GlobalSection(ProjectConfigurationPlatforms) = postSolution
		{C5E939DE-DEE3-4525-817F-51477DB1D284}.Debug|Any CPU.ActiveCfg = Debug|Any CPU
		{C5E939DE-DEE3-4525-817F-51477DB1D284}.Debug|Any CPU.Build.0 = Debug|Any CPU
		{C5E939DE-DEE3-4525-817F-51477DB1D284}.Release|Any CPU.ActiveCfg = Release|Any CPU
		{C5E939DE-DEE3-4525-817F-51477DB1D284}.Release|Any CPU.Build.0 = Release|Any CPU
		{CD10DD04-49D5-4729-8671-B132B5D117F5}.Debug|Any CPU.ActiveCfg = Debug|Any CPU
		{CD10DD04-49D5-4729-8671-B132B5D117F5}.Debug|Any CPU.Build.0 = Debug|Any CPU
		{CD10DD04-49D5-4729-8671-B132B5D117F5}.Release|Any CPU.ActiveCfg = Release|Any CPU
		{CD10DD04-49D5-4729-8671-B132B5D117F5}.Release|Any CPU.Build.0 = Release|Any CPU
		{240D8EA9-AC27-4F4C-A5CF-D6C215510238}.Debug|Any CPU.ActiveCfg = Debug|Any CPU
		{240D8EA9-AC27-4F4C-A5CF-D6C215510238}.Debug|Any CPU.Build.0 = Debug|Any CPU
		{240D8EA9-AC27-4F4C-A5CF-D6C215510238}.Release|Any CPU.ActiveCfg = Release|Any CPU
		{240D8EA9-AC27-4F4C-A5CF-D6C215510238}.Release|Any CPU.Build.0 = Release|Any CPU
		{1AAD5762-0FEB-4376-89EE-73FAFD4D9634}.Debug|Any CPU.ActiveCfg = Debug|Any CPU
		{1AAD5762-0FEB-4376-89EE-73FAFD4D9634}.Debug|Any CPU.Build.0 = Debug|Any CPU
		{1AAD5762-0FEB-4376-89EE-73FAFD4D9634}.Release|Any CPU.ActiveCfg = Release|Any CPU
		{1AAD5762-0FEB-4376-89EE-73FAFD4D9634}.Release|Any CPU.Build.0 = Release|Any CPU
		{DF9082CA-9124-4F92-8480-B0E346BEF98E}.Debug|Any CPU.ActiveCfg = Debug|Any CPU
		{DF9082CA-9124-4F92-8480-B0E346BEF98E}.Debug|Any CPU.Build.0 = Debug|Any CPU
		{DF9082CA-9124-4F92-8480-B0E346BEF98E}.Release|Any CPU.ActiveCfg = Release|Any CPU
		{DF9082CA-9124-4F92-8480-B0E346BEF98E}.Release|Any CPU.Build.0 = Release|Any CPU
		{F31779DB-DDC6-4184-A554-42B8FF7DA083}.Debug|Any CPU.ActiveCfg = Debug|Any CPU
		{F31779DB-DDC6-4184-A554-42B8FF7DA083}.Debug|Any CPU.Build.0 = Debug|Any CPU
		{F31779DB-DDC6-4184-A554-42B8FF7DA083}.Release|Any CPU.ActiveCfg = Release|Any CPU
		{F31779DB-DDC6-4184-A554-42B8FF7DA083}.Release|Any CPU.Build.0 = Release|Any CPU
		{A0FE29E1-82B7-4EE1-95DF-7B8FC3F22343}.Debug|Any CPU.ActiveCfg = Debug|Any CPU
		{A0FE29E1-82B7-4EE1-95DF-7B8FC3F22343}.Debug|Any CPU.Build.0 = Debug|Any CPU
		{A0FE29E1-82B7-4EE1-95DF-7B8FC3F22343}.Release|Any CPU.ActiveCfg = Release|Any CPU
		{A0FE29E1-82B7-4EE1-95DF-7B8FC3F22343}.Release|Any CPU.Build.0 = Release|Any CPU
		{D0AF4027-BFE6-44D1-8F2C-2E81D4F7992D}.Debug|Any CPU.ActiveCfg = Debug|Any CPU
		{D0AF4027-BFE6-44D1-8F2C-2E81D4F7992D}.Debug|Any CPU.Build.0 = Debug|Any CPU
		{D0AF4027-BFE6-44D1-8F2C-2E81D4F7992D}.Release|Any CPU.ActiveCfg = Release|Any CPU
		{D0AF4027-BFE6-44D1-8F2C-2E81D4F7992D}.Release|Any CPU.Build.0 = Release|Any CPU
		{94825E39-F4FE-4FD0-80FC-7D3934D2C80C}.Debug|Any CPU.ActiveCfg = Debug|Any CPU
		{94825E39-F4FE-4FD0-80FC-7D3934D2C80C}.Debug|Any CPU.Build.0 = Debug|Any CPU
		{94825E39-F4FE-4FD0-80FC-7D3934D2C80C}.Release|Any CPU.ActiveCfg = Release|Any CPU
		{94825E39-F4FE-4FD0-80FC-7D3934D2C80C}.Release|Any CPU.Build.0 = Release|Any CPU
		{AD85E300-7FD6-4DA3-BB97-85889E6DA889}.Debug|Any CPU.ActiveCfg = Debug|Any CPU
		{AD85E300-7FD6-4DA3-BB97-85889E6DA889}.Debug|Any CPU.Build.0 = Debug|Any CPU
		{AD85E300-7FD6-4DA3-BB97-85889E6DA889}.Release|Any CPU.ActiveCfg = Release|Any CPU
		{AD85E300-7FD6-4DA3-BB97-85889E6DA889}.Release|Any CPU.Build.0 = Release|Any CPU
		{52B93A19-59EF-4AFE-A866-01A56E0B39DD}.Debug|Any CPU.ActiveCfg = Debug|Any CPU
		{52B93A19-59EF-4AFE-A866-01A56E0B39DD}.Debug|Any CPU.Build.0 = Debug|Any CPU
		{52B93A19-59EF-4AFE-A866-01A56E0B39DD}.Release|Any CPU.ActiveCfg = Release|Any CPU
		{52B93A19-59EF-4AFE-A866-01A56E0B39DD}.Release|Any CPU.Build.0 = Release|Any CPU
		{86862D70-F042-4734-A444-88AA41948357}.Debug|Any CPU.ActiveCfg = Debug|Any CPU
		{86862D70-F042-4734-A444-88AA41948357}.Debug|Any CPU.Build.0 = Debug|Any CPU
		{86862D70-F042-4734-A444-88AA41948357}.Release|Any CPU.ActiveCfg = Release|Any CPU
		{86862D70-F042-4734-A444-88AA41948357}.Release|Any CPU.Build.0 = Release|Any CPU
	EndGlobalSection
	GlobalSection(NestedProjects) = preSolution
		{C5E939DE-DEE3-4525-817F-51477DB1D284} = {94FDD0F1-3D45-4EB8-B054-6C772B502856}
		{CD10DD04-49D5-4729-8671-B132B5D117F5} = {94FDD0F1-3D45-4EB8-B054-6C772B502856}
		{240D8EA9-AC27-4F4C-A5CF-D6C215510238} = {94FDD0F1-3D45-4EB8-B054-6C772B502856}
		{1AAD5762-0FEB-4376-89EE-73FAFD4D9634} = {94FDD0F1-3D45-4EB8-B054-6C772B502856}
		{DF9082CA-9124-4F92-8480-B0E346BEF98E} = {94FDD0F1-3D45-4EB8-B054-6C772B502856}
		{F31779DB-DDC6-4184-A554-42B8FF7DA083} = {94FDD0F1-3D45-4EB8-B054-6C772B502856}
		{A0FE29E1-82B7-4EE1-95DF-7B8FC3F22343} = {94FDD0F1-3D45-4EB8-B054-6C772B502856}
		{D0AF4027-BFE6-44D1-8F2C-2E81D4F7992D} = {94FDD0F1-3D45-4EB8-B054-6C772B502856}
		{94825E39-F4FE-4FD0-80FC-7D3934D2C80C} = {94FDD0F1-3D45-4EB8-B054-6C772B502856}
		{AD85E300-7FD6-4DA3-BB97-85889E6DA889} = {2311D85E-4A68-4932-BEC1-D0A8D98EF5BA}
		{52B93A19-59EF-4AFE-A866-01A56E0B39DD} = {2311D85E-4A68-4932-BEC1-D0A8D98EF5BA}
		{86862D70-F042-4734-A444-88AA41948357} = {2311D85E-4A68-4932-BEC1-D0A8D98EF5BA}
	EndGlobalSection
EndGlobal
